# This file is automatically @generated by Poetry 1.5.1 and should not be changed by hand.

[[package]]
name = "gpt"
version = "0.2"
description = "GPT utils"
optional = false
python-versions = "*"
files = [
    {file = "gpt-0.2-py3-none-any.whl", hash = "sha256:3f4e0000083d2767dcc4be8f14af74d390e0b6976976ac05740ab4005005b1b3"},
]

[[package]]
name = "telegram"
version = "0.0.1"
description = "Telegram APIs"
optional = false
python-versions = "*"
files = [
    {file = "telegram-0.0.1.tar.gz", hash = "sha256:d405a0af4c868a8dbeae6d03e297e21c7ee6269e11e2ed3810e15544aba02591"},
]

[metadata]
lock-version = "2.0"
python-versions = ">=3.10.0,<3.11"
content-hash = "2aef32920b29dc1e6718e7076cde1d02db3af23271c7d430551eb078571a7f3b"
